
Microsoft Visual Studio Solution File, Format Version 12.00
# Visual Studio Version 16
VisualStudioVersion = 16.0.31005.135
MinimumVisualStudioVersion = 10.0.40219.1
Project("{9A19103F-16F7-4668-BE54-9A1E7A4F7556}") = "Assignment5", "Assignment5\Assignment5.csproj", "{9BA2AC7E-DC87-4906-84CF-7B076FCFF2E0}"
EndProject
Global
	GlobalSection(SolutionConfigurationPlatforms) = preSolution
		Debug|Any CPU = Debug|Any CPU
		Release|Any CPU = Release|Any CPU
	EndGlobalSection
	GlobalSection(ProjectConfigurationPlatforms) = postSolution
		{9BA2AC7E-DC87-4906-84CF-7B076FCFF2E0}.Debug|Any CPU.ActiveCfg = Debug|Any CPU
		{9BA2AC7E-DC87-4906-84CF-7B076FCFF2E0}.Debug|Any CPU.Build.0 = Debug|Any CPU
		{9BA2AC7E-DC87-4906-84CF-7B076FCFF2E0}.Release|Any CPU.ActiveCfg = Release|Any CPU
		{9BA2AC7E-DC87-4906-84CF-7B076FCFF2E0}.Release|Any CPU.Build.0 = Release|Any CPU
	EndGlobalSection
	GlobalSection(SolutionProperties) = preSolution
		HideSolutionNode = FALSE
	EndGlobalSection
	GlobalSection(ExtensibilityGlobals) = postSolution
		SolutionGuid = {72B9793F-EC36-4BD5-8A6B-71CADA9E8C01}
	EndGlobalSection
EndGlobal
